
Microsoft Visual Studio Solution File, Format Version 12.00
# Visual Studio Version 17
VisualStudioVersion = 17.0.31903.59
MinimumVisualStudioVersion = 10.0.40219.1
Project("{9A19103F-16F7-4668-BE54-9A1E7A4F7556}") = "WebAPI", "WebAPI\WebAPI\WebAPI.csproj", "{8E7CFB87-D4E4-47BA-897F-2DB1C49D8F18}"
EndProject
Project("{9A19103F-16F7-4668-BE54-9A1E7A4F7556}") = "PersonApi", "PersonApi\PersonApi\PersonApi.csproj", "{B1F15736-FD41-49BC-813C-FB095670E5F3}"
EndProject
Project("{9A19103F-16F7-4668-BE54-9A1E7A4F7556}") = "MedicalApi", "MedicalApi\MedicalApi\MedicalApi.csproj", "{B9DB34C7-785E-4082-A8F3-AA579DE75ED3}"
EndProject
Global
	GlobalSection(SolutionConfigurationPlatforms) = preSolution
		Debug|Any CPU = Debug|Any CPU
		Release|Any CPU = Release|Any CPU
	EndGlobalSection
	GlobalSection(ProjectConfigurationPlatforms) = postSolution
		{8E7CFB87-D4E4-47BA-897F-2DB1C49D8F18}.Debug|Any CPU.ActiveCfg = Debug|Any CPU
		{8E7CFB87-D4E4-47BA-897F-2DB1C49D8F18}.Debug|Any CPU.Build.0 = Debug|Any CPU
		{8E7CFB87-D4E4-47BA-897F-2DB1C49D8F18}.Release|Any CPU.ActiveCfg = Release|Any CPU
		{8E7CFB87-D4E4-47BA-897F-2DB1C49D8F18}.Release|Any CPU.Build.0 = Release|Any CPU
		{B1F15736-FD41-49BC-813C-FB095670E5F3}.Debug|Any CPU.ActiveCfg = Debug|Any CPU
		{B1F15736-FD41-49BC-813C-FB095670E5F3}.Debug|Any CPU.Build.0 = Debug|Any CPU
		{B1F15736-FD41-49BC-813C-FB095670E5F3}.Release|Any CPU.ActiveCfg = Release|Any CPU
		{B1F15736-FD41-49BC-813C-FB095670E5F3}.Release|Any CPU.Build.0 = Release|Any CPU
		{B9DB34C7-785E-4082-A8F3-AA579DE75ED3}.Debug|Any CPU.ActiveCfg = Debug|Any CPU
		{B9DB34C7-785E-4082-A8F3-AA579DE75ED3}.Debug|Any CPU.Build.0 = Debug|Any CPU
		{B9DB34C7-785E-4082-A8F3-AA579DE75ED3}.Release|Any CPU.ActiveCfg = Release|Any CPU
		{B9DB34C7-785E-4082-A8F3-AA579DE75ED3}.Release|Any CPU.Build.0 = Release|Any CPU
	EndGlobalSection
	GlobalSection(SolutionProperties) = preSolution
		HideSolutionNode = FALSE
	EndGlobalSection
	GlobalSection(ExtensibilityGlobals) = postSolution
		SolutionGuid = {1B10B068-4EC4-488F-A535-0F82CC610CD7}
	EndGlobalSection
EndGlobal
